{
  "name": "bloomen-wallet-cli",
  "version": "1.1.0",
  "lockfileVersion": 1,
  "requires": true,
  "dependencies": {
    "lodash": {
      "version": "4.17.11",
      "resolved": "https://registry.npmjs.org/lodash/-/lodash-4.17.11.tgz",
      "integrity": "sha512-cQKh8igo5QUhZ7lg38DYWAxMvjSAKG0A8wGSVimP07SIUEK2UO+arSRKbRZWtelMtN5V0Hkwh5ryOto/SshYIg=="
    },
    "ts.validator.fluent": {
      "version": "1.3.0",
      "resolved": "https://registry.npmjs.org/ts.validator.fluent/-/ts.validator.fluent-1.3.0.tgz",
      "integrity": "sha512-Gzrwdto7+8sos5x0f1PhMwH8IQRkCZjZ3aQ4yfWVZtyY5b33Tf6s73aAbih3w9iZS6z7sHXyXz0i/HnihMv4NA==",
      "requires": {
        "lodash": "^4.17.5"
      }
    }
  }
}
